
Microsoft Visual Studio Solution File, Format Version 12.00
# Visual Studio Version 16
VisualStudioVersion = 16.0.33027.164
MinimumVisualStudioVersion = 10.0.40219.1
Project("{FAE04EC0-301F-11D3-BF4B-00C04F79EFBC}") = "ConsoleApp", "ConsoleApp\ConsoleApp.csproj", "{5A26BA71-6F44-479B-A17C-3EC50EFC78D3}"
EndProject
Project("{FAE04EC0-301F-11D3-BF4B-00C04F79EFBC}") = "DAL", "DAL\DAL.csproj", "{EE4E127C-055A-4C05-8877-2F9C4CFB8B4C}"
EndProject
Project("{FAE04EC0-301F-11D3-BF4B-00C04F79EFBC}") = "BLL", "BLL\BLL.csproj", "{3221C8B5-35FE-4F26-BCE7-BBA307CC2B60}"
EndProject
Project("{FAE04EC0-301F-11D3-BF4B-00C04F79EFBC}") = "SL", "SL\SL.csproj", "{F7E08492-3A11-427A-9E9E-C9D21276D2F7}"
EndProject
Project("{FAE04EC0-301F-11D3-BF4B-00C04F79EFBC}") = "Domain", "Domain\Domain.csproj", "{29A90EE8-1CF6-401C-B162-A36E396D1B6A}"
EndProject
Global
	GlobalSection(SolutionConfigurationPlatforms) = preSolution
		Debug|Any CPU = Debug|Any CPU
		Release|Any CPU = Release|Any CPU
	EndGlobalSection
	GlobalSection(ProjectConfigurationPlatforms) = postSolution
		{5A26BA71-6F44-479B-A17C-3EC50EFC78D3}.Debug|Any CPU.ActiveCfg = Debug|Any CPU
		{5A26BA71-6F44-479B-A17C-3EC50EFC78D3}.Debug|Any CPU.Build.0 = Debug|Any CPU
		{5A26BA71-6F44-479B-A17C-3EC50EFC78D3}.Release|Any CPU.ActiveCfg = Release|Any CPU
		{5A26BA71-6F44-479B-A17C-3EC50EFC78D3}.Release|Any CPU.Build.0 = Release|Any CPU
		{EE4E127C-055A-4C05-8877-2F9C4CFB8B4C}.Debug|Any CPU.ActiveCfg = Debug|Any CPU
		{EE4E127C-055A-4C05-8877-2F9C4CFB8B4C}.Debug|Any CPU.Build.0 = Debug|Any CPU
		{EE4E127C-055A-4C05-8877-2F9C4CFB8B4C}.Release|Any CPU.ActiveCfg = Release|Any CPU
		{EE4E127C-055A-4C05-8877-2F9C4CFB8B4C}.Release|Any CPU.Build.0 = Release|Any CPU
		{3221C8B5-35FE-4F26-BCE7-BBA307CC2B60}.Debug|Any CPU.ActiveCfg = Debug|Any CPU
		{3221C8B5-35FE-4F26-BCE7-BBA307CC2B60}.Debug|Any CPU.Build.0 = Debug|Any CPU
		{3221C8B5-35FE-4F26-BCE7-BBA307CC2B60}.Release|Any CPU.ActiveCfg = Release|Any CPU
		{3221C8B5-35FE-4F26-BCE7-BBA307CC2B60}.Release|Any CPU.Build.0 = Release|Any CPU
		{F7E08492-3A11-427A-9E9E-C9D21276D2F7}.Debug|Any CPU.ActiveCfg = Debug|Any CPU
		{F7E08492-3A11-427A-9E9E-C9D21276D2F7}.Debug|Any CPU.Build.0 = Debug|Any CPU
		{F7E08492-3A11-427A-9E9E-C9D21276D2F7}.Release|Any CPU.ActiveCfg = Release|Any CPU
		{F7E08492-3A11-427A-9E9E-C9D21276D2F7}.Release|Any CPU.Build.0 = Release|Any CPU
		{29A90EE8-1CF6-401C-B162-A36E396D1B6A}.Debug|Any CPU.ActiveCfg = Debug|Any CPU
		{29A90EE8-1CF6-401C-B162-A36E396D1B6A}.Debug|Any CPU.Build.0 = Debug|Any CPU
		{29A90EE8-1CF6-401C-B162-A36E396D1B6A}.Release|Any CPU.ActiveCfg = Release|Any CPU
		{29A90EE8-1CF6-401C-B162-A36E396D1B6A}.Release|Any CPU.Build.0 = Release|Any CPU
	EndGlobalSection
	GlobalSection(SolutionProperties) = preSolution
		HideSolutionNode = FALSE
	EndGlobalSection
	GlobalSection(ExtensibilityGlobals) = postSolution
		SolutionGuid = {2B0ED3E6-CB81-494A-93D8-4FA24CFF91FA}
	EndGlobalSection
EndGlobal
